
Microsoft Visual Studio Solution File, Format Version 12.00
# Visual Studio Version 17
VisualStudioVersion = 17.9.34723.18
MinimumVisualStudioVersion = 10.0.40219.1
Project("{FAE04EC0-301F-11D3-BF4B-00C04F79EFBC}") = "Demo_DurableFunction", "Demo_DurableFunction\Demo_DurableFunction.csproj", "{CA8DA63F-1361-4558-ACE7-1DC796519918}"
EndProject
Global
	GlobalSection(SolutionConfigurationPlatforms) = preSolution
		Debug|Any CPU = Debug|Any CPU
		Release|Any CPU = Release|Any CPU
	EndGlobalSection
	GlobalSection(ProjectConfigurationPlatforms) = postSolution
		{CA8DA63F-1361-4558-ACE7-1DC796519918}.Debug|Any CPU.ActiveCfg = Debug|Any CPU
		{CA8DA63F-1361-4558-ACE7-1DC796519918}.Debug|Any CPU.Build.0 = Debug|Any CPU
		{CA8DA63F-1361-4558-ACE7-1DC796519918}.Release|Any CPU.ActiveCfg = Release|Any CPU
		{CA8DA63F-1361-4558-ACE7-1DC796519918}.Release|Any CPU.Build.0 = Release|Any CPU
	EndGlobalSection
	GlobalSection(SolutionProperties) = preSolution
		HideSolutionNode = FALSE
	EndGlobalSection
	GlobalSection(ExtensibilityGlobals) = postSolution
		SolutionGuid = {0DF4B2A0-DA40-4475-9992-06E9F035A843}
	EndGlobalSection
EndGlobal
